#
# This file is autogenerated by pip-compile with Python 3.11
# by the following command:
#
#    pip-compile --output-file=requirements.lock requirements.in
#
aiohappyeyeballs==2.6.1
    # via aiohttp
aiohttp==3.12.13
    # via -r requirements.in
aiosignal==1.3.2
    # via aiohttp
alembic==1.16.2
    # via -r requirements.in
annotated-types==0.7.0
    # via pydantic
anyio==4.9.0
    # via
    #   httpx
    #   openai
    #   starlette
    #   watchfiles
asgiref==3.8.1
    # via opentelemetry-instrumentation-asgi
attrs==25.3.0
    # via aiohttp
authlib==1.6.0
    # via safety
bandit==1.8.5
    # via -r requirements.in
bcrypt==4.3.0
    # via passlib
certifi==2025.6.15
    # via
    #   httpcore
    #   httpx
    #   requests
cffi==1.17.1
    # via cryptography
charset-normalizer==3.4.2
    # via requests
click==8.1.8
    # via
    #   nltk
    #   safety
    #   typer
    #   uvicorn
cryptography==45.0.4
    # via
    #   authlib
    #   python-jose
distro==1.9.0
    # via openai
dparse==0.6.4
    # via
    #   safety
    #   safety-schemas
ecdsa==0.19.1
    # via python-jose
fastapi==0.115.14
    # via -r requirements.in
filelock==3.16.1
    # via
    #   huggingface-hub
    #   safety
    #   torch
    #   transformers
frozenlist==1.7.0
    # via
    #   aiohttp
    #   aiosignal
fsspec==2025.5.1
    # via
    #   huggingface-hub
    #   torch
googleapis-common-protos==1.70.0
    # via
    #   opentelemetry-exporter-otlp-proto-grpc
    #   opentelemetry-exporter-otlp-proto-http
greenlet==3.2.3
    # via sqlalchemy
grpcio==1.73.1
    # via opentelemetry-exporter-otlp-proto-grpc
h11==0.16.0
    # via
    #   httpcore
    #   uvicorn
hf-xet==1.1.5
    # via huggingface-hub
httpcore==1.0.9
    # via httpx
httptools==0.6.4
    # via uvicorn
httpx==0.28.1
    # via
    #   -r requirements.in
    #   openai
    #   safety
huggingface-hub==0.33.1
    # via
    #   sentence-transformers
    #   tokenizers
    #   transformers
idna==3.10
    # via
    #   anyio
    #   httpx
    #   requests
    #   yarl
importlib-metadata==8.7.0
    # via opentelemetry-api
iniconfig==2.1.0
    # via pytest
jinja2==3.1.6
    # via
    #   safety
    #   torch
jiter==0.10.0
    # via openai
joblib==1.5.1
    # via
    #   nltk
    #   scikit-learn
mako==1.3.10
    # via alembic
markdown-it-py==3.0.0
    # via rich
markupsafe==3.0.2
    # via
    #   jinja2
    #   mako
marshmallow==4.0.0
    # via safety
mdurl==0.1.2
    # via markdown-it-py
mpmath==1.3.0
    # via sympy
multidict==6.6.2
    # via
    #   aiohttp
    #   yarl
networkx==3.5
    # via torch
nltk==3.9.1
    # via safety
numpy==2.3.1
    # via
    #   -r requirements.in
    #   scikit-learn
    #   scipy
    #   transformers
nvidia-cublas-cu12==12.6.4.1
    # via
    #   nvidia-cudnn-cu12
    #   nvidia-cusolver-cu12
    #   torch
nvidia-cuda-cupti-cu12==12.6.80
    # via torch
nvidia-cuda-nvrtc-cu12==12.6.77
    # via torch
nvidia-cuda-runtime-cu12==12.6.77
    # via torch
nvidia-cudnn-cu12==9.5.1.17
    # via torch
nvidia-cufft-cu12==11.3.0.4
    # via torch
nvidia-cufile-cu12==1.11.1.6
    # via torch
nvidia-curand-cu12==10.3.7.77
    # via torch
nvidia-cusolver-cu12==11.7.1.2
    # via torch
nvidia-cusparse-cu12==12.5.4.2
    # via
    #   nvidia-cusolver-cu12
    #   torch
nvidia-cusparselt-cu12==0.6.3
    # via torch
nvidia-nccl-cu12==2.26.2
    # via torch
nvidia-nvjitlink-cu12==12.6.85
    # via
    #   nvidia-cufft-cu12
    #   nvidia-cusolver-cu12
    #   nvidia-cusparse-cu12
    #   torch
nvidia-nvtx-cu12==12.6.77
    # via torch
openai==1.93.0
    # via -r requirements.in
opentelemetry-api==1.34.1
    # via
    #   -r requirements.in
    #   opentelemetry-exporter-otlp-proto-grpc
    #   opentelemetry-exporter-otlp-proto-http
    #   opentelemetry-instrumentation
    #   opentelemetry-instrumentation-asgi
    #   opentelemetry-instrumentation-fastapi
    #   opentelemetry-instrumentation-httpx
    #   opentelemetry-instrumentation-requests
    #   opentelemetry-propagator-b3
    #   opentelemetry-sdk
    #   opentelemetry-semantic-conventions
opentelemetry-exporter-otlp==1.34.1
    # via -r requirements.in
opentelemetry-exporter-otlp-proto-common==1.34.1
    # via
    #   opentelemetry-exporter-otlp-proto-grpc
    #   opentelemetry-exporter-otlp-proto-http
opentelemetry-exporter-otlp-proto-grpc==1.34.1
    # via
    #   -r requirements.in
    #   opentelemetry-exporter-otlp
opentelemetry-exporter-otlp-proto-http==1.34.1
    # via opentelemetry-exporter-otlp
opentelemetry-instrumentation==0.55b1
    # via
    #   -r requirements.in
    #   opentelemetry-instrumentation-asgi
    #   opentelemetry-instrumentation-fastapi
    #   opentelemetry-instrumentation-httpx
    #   opentelemetry-instrumentation-requests
opentelemetry-instrumentation-asgi==0.55b1
    # via opentelemetry-instrumentation-fastapi
opentelemetry-instrumentation-fastapi==0.55b1
    # via -r requirements.in
opentelemetry-instrumentation-httpx==0.55b1
    # via -r requirements.in
opentelemetry-instrumentation-requests==0.55b1
    # via -r requirements.in
opentelemetry-propagator-b3==1.34.1
    # via -r requirements.in
opentelemetry-proto==1.34.1
    # via
    #   opentelemetry-exporter-otlp-proto-common
    #   opentelemetry-exporter-otlp-proto-grpc
    #   opentelemetry-exporter-otlp-proto-http
opentelemetry-sdk==1.34.1
    # via
    #   -r requirements.in
    #   opentelemetry-exporter-otlp-proto-grpc
    #   opentelemetry-exporter-otlp-proto-http
opentelemetry-semantic-conventions==0.55b1
    # via
    #   opentelemetry-instrumentation
    #   opentelemetry-instrumentation-asgi
    #   opentelemetry-instrumentation-fastapi
    #   opentelemetry-instrumentation-httpx
    #   opentelemetry-instrumentation-requests
    #   opentelemetry-sdk
opentelemetry-util-http==0.55b1
    # via
    #   opentelemetry-instrumentation-asgi
    #   opentelemetry-instrumentation-fastapi
    #   opentelemetry-instrumentation-httpx
    #   opentelemetry-instrumentation-requests
packaging==25.0
    # via
    #   dparse
    #   huggingface-hub
    #   opentelemetry-instrumentation
    #   pytest
    #   safety
    #   safety-schemas
    #   transformers
passlib[bcrypt]==1.7.4
    # via -r requirements.in
pbr==6.1.1
    # via stevedore
pillow==11.2.1
    # via sentence-transformers
pluggy==1.6.0
    # via pytest
prometheus-client==0.22.1
    # via -r requirements.in
propcache==0.3.2
    # via
    #   aiohttp
    #   yarl
protobuf==5.29.5
    # via
    #   googleapis-common-protos
    #   opentelemetry-proto
psutil==6.1.1
    # via safety
psycopg2-binary==2.9.10
    # via -r requirements.in
pyasn1==0.6.1
    # via
    #   python-jose
    #   rsa
pycparser==2.22
    # via cffi
pydantic==2.9.2
    # via
    #   -r requirements.in
    #   fastapi
    #   openai
    #   pydantic-settings
    #   safety
    #   safety-schemas
pydantic-core==2.23.4
    # via pydantic
pydantic-settings==2.10.1
    # via -r requirements.in
pygments==2.19.2
    # via
    #   pytest
    #   rich
pytest==8.4.1
    # via
    #   -r requirements.in
    #   pytest-asyncio
pytest-asyncio==1.0.0
    # via -r requirements.in
python-dotenv==1.1.1
    # via
    #   -r requirements.in
    #   pydantic-settings
    #   uvicorn
python-jose[cryptography]==3.5.0
    # via -r requirements.in
python-multipart==0.0.20
    # via -r requirements.in
pyyaml==6.0.2
    # via
    #   bandit
    #   huggingface-hub
    #   transformers
    #   uvicorn
regex==2024.11.6
    # via
    #   nltk
    #   transformers
requests==2.32.4
    # via
    #   huggingface-hub
    #   opentelemetry-exporter-otlp-proto-http
    #   safety
    #   transformers
rich==14.0.0
    # via
    #   bandit
    #   typer
rsa==4.9.1
    # via python-jose
ruamel-yaml==0.18.14
    # via
    #   safety
    #   safety-schemas
ruamel-yaml-clib==0.2.12
    # via ruamel-yaml
safetensors==0.5.3
    # via transformers
safety==3.5.2
    # via -r requirements.in
safety-schemas==0.0.14
    # via safety
scikit-learn==1.7.0
    # via
    #   -r requirements.in
    #   sentence-transformers
scipy==1.16.0
    # via
    #   scikit-learn
    #   sentence-transformers
sentence-transformers==4.1.0
    # via -r requirements.in
shellingham==1.5.4
    # via typer
six==1.17.0
    # via ecdsa
sniffio==1.3.1
    # via
    #   anyio
    #   openai
sqlalchemy==2.0.41
    # via alembic
starlette==0.46.2
    # via fastapi
stevedore==5.4.1
    # via bandit
structlog==25.4.0
    # via -r requirements.in
sympy==1.14.0
    # via torch
tenacity==9.1.2
    # via safety
threadpoolctl==3.6.0
    # via scikit-learn
tokenizers==0.21.2
    # via transformers
tomlkit==0.13.3
    # via safety
torch==2.7.1
    # via
    #   -r requirements.in
    #   sentence-transformers
tqdm==4.67.1
    # via
    #   huggingface-hub
    #   nltk
    #   openai
    #   sentence-transformers
    #   transformers
transformers==4.53.0
    # via
    #   -r requirements.in
    #   sentence-transformers
triton==3.3.1
    # via torch
typer==0.16.0
    # via safety
typing-extensions==4.14.0
    # via
    #   alembic
    #   anyio
    #   fastapi
    #   huggingface-hub
    #   openai
    #   opentelemetry-api
    #   opentelemetry-exporter-otlp-proto-grpc
    #   opentelemetry-exporter-otlp-proto-http
    #   opentelemetry-propagator-b3
    #   opentelemetry-sdk
    #   opentelemetry-semantic-conventions
    #   pydantic
    #   pydantic-core
    #   safety
    #   safety-schemas
    #   sentence-transformers
    #   sqlalchemy
    #   torch
    #   typer
    #   typing-inspection
typing-inspection==0.4.1
    # via
    #   pydantic
    #   pydantic-settings
urllib3==2.5.0
    # via requests
uvicorn[standard]==0.35.0
    # via -r requirements.in
uvloop==0.21.0
    # via uvicorn
watchfiles==1.1.0
    # via uvicorn
websockets==15.0.1
    # via uvicorn
wheel==0.45.1
    # via -r requirements.in
wrapt==1.17.2
    # via
    #   opentelemetry-instrumentation
    #   opentelemetry-instrumentation-httpx
yarl==1.20.1
    # via aiohttp
zipp==3.23.0
    # via importlib-metadata

# The following packages are considered to be unsafe in a requirements file:
# pip
# setuptools
